{
  "name": "edu.vallauri.gps",
  "version": "1.0.0",
  "lockfileVersion": 2,
  "requires": true,
  "packages": {
    "": {
      "name": "edu.vallauri.gps",
      "version": "1.0.0",
      "license": "Apache-2.0",
      "devDependencies": {
        "cordova-plugin-dialogs": "^2.0.2",
        "cordova-plugin-geolocation": "^4.1.0"
      }
    },
    "node_modules/cordova-plugin-dialogs": {
      "version": "2.0.2",
      "resolved": "https://registry.npmjs.org/cordova-plugin-dialogs/-/cordova-plugin-dialogs-2.0.2.tgz",
      "integrity": "sha512-FUHI6eEVeoz2VkxbF0P56QlUQLGzXcvw3i4xuXyM9gEct6Y+FA3Xzgl2pJTZcTg5wRqLWzN08kgNoHPkom15pw==",
      "dev": true,
      "engines": {
        "cordovaDependencies": {
          "3.0.0": {
            "cordova": ">100"
          }
        }
      }
    },
    "node_modules/cordova-plugin-geolocation": {
      "version": "4.1.0",
      "resolved": "https://registry.npmjs.org/cordova-plugin-geolocation/-/cordova-plugin-geolocation-4.1.0.tgz",
      "integrity": "sha512-y5io/P10xGMxSn2KEqfv/fExK47eA1pmSonJdmDqDsaSADV9JpgdPx0mUSA08+5pzma/OS9R0LoODeDPx7Jvjg==",
      "dev": true,
      "engines": {
        "cordovaDependencies": {
          "3.0.0": {
            "cordova-android": ">=6.3.0"
          },
          "5.0.0": {
            "cordova": ">100"
          }
        }
      }
    }
  },
  "dependencies": {
    "cordova-plugin-dialogs": {
      "version": "2.0.2",
      "resolved": "https://registry.npmjs.org/cordova-plugin-dialogs/-/cordova-plugin-dialogs-2.0.2.tgz",
      "integrity": "sha512-FUHI6eEVeoz2VkxbF0P56QlUQLGzXcvw3i4xuXyM9gEct6Y+FA3Xzgl2pJTZcTg5wRqLWzN08kgNoHPkom15pw==",
      "dev": true
    },
    "cordova-plugin-geolocation": {
      "version": "4.1.0",
      "resolved": "https://registry.npmjs.org/cordova-plugin-geolocation/-/cordova-plugin-geolocation-4.1.0.tgz",
      "integrity": "sha512-y5io/P10xGMxSn2KEqfv/fExK47eA1pmSonJdmDqDsaSADV9JpgdPx0mUSA08+5pzma/OS9R0LoODeDPx7Jvjg==",
      "dev": true
    }
  }
}
